
Microsoft Visual Studio Solution File, Format Version 12.00
# Visual Studio Version 16
VisualStudioVersion = 16.0.31829.152
MinimumVisualStudioVersion = 10.0.40219.1
Project("{D954291E-2A0B-460D-934E-DC6B0785DB48}") = "WebAppCSC4008.Shared", "WebAppCSC4008\WebAppCSC4008.Shared\WebAppCSC4008.Shared.shproj", "{6279C845-92F8-4333-AB99-3D213163593C}"
EndProject
Project("{2150E333-8FDC-42A3-9474-1A3956D46DE8}") = "Platforms", "Platforms", "{1D94DC78-C560-4151-833F-68434CF1395D}"
EndProject
Project("{FAE04EC0-301F-11D3-BF4B-00C04F79EFBC}") = "WebAppCSC4008.Droid", "WebAppCSC4008\WebAppCSC4008.Droid\WebAppCSC4008.Droid.csproj", "{58F3361D-BAE6-4079-ABDE-68E31CD3ED5E}"
EndProject
Project("{FAE04EC0-301F-11D3-BF4B-00C04F79EFBC}") = "WebAppCSC4008.iOS", "WebAppCSC4008\WebAppCSC4008.iOS\WebAppCSC4008.iOS.csproj", "{456D10F4-20EF-421B-B522-A86113B316A1}"
EndProject
Project("{FAE04EC0-301F-11D3-BF4B-00C04F79EFBC}") = "WebAppCSC4008.UWP", "WebAppCSC4008\WebAppCSC4008.UWP\WebAppCSC4008.UWP.csproj", "{2D9C71C5-52E8-4D37-B305-126E7D9D8246}"
EndProject
Project("{FAE04EC0-301F-11D3-BF4B-00C04F79EFBC}") = "WebAppCSC4008.Wasm", "WebAppCSC4008\WebAppCSC4008.Wasm\WebAppCSC4008.Wasm.csproj", "{AE70D93F-E2E3-4EBE-83A7-E4AC36E37231}"
EndProject
Project("{FAE04EC0-301F-11D3-BF4B-00C04F79EFBC}") = "WebAppCSC4008.macOS", "WebAppCSC4008\WebAppCSC4008.macOS\WebAppCSC4008.macOS.csproj", "{C3B30DBA-A0F1-453F-9227-EA0E904479CE}"
EndProject
Project("{FAE04EC0-301F-11D3-BF4B-00C04F79EFBC}") = "WebAppCSC4008.Skia.Wpf.Host", "WebAppCSC4008\WebAppCSC4008.Skia.Wpf.Host\WebAppCSC4008.Skia.Wpf.Host.csproj", "{222B6AEA-BB1D-40ED-89F7-5BF5CC217EDC}"
EndProject
Project("{FAE04EC0-301F-11D3-BF4B-00C04F79EFBC}") = "WebAppCSC4008.Skia.Wpf", "WebAppCSC4008\WebAppCSC4008.Skia.Wpf\WebAppCSC4008.Skia.Wpf.csproj", "{621129BF-1F98-4147-9B1E-5A0F52739663}"
EndProject
Project("{FAE04EC0-301F-11D3-BF4B-00C04F79EFBC}") = "WebAppCSC4008.Skia.Gtk", "WebAppCSC4008\WebAppCSC4008.Skia.Gtk\WebAppCSC4008.Skia.Gtk.csproj", "{F7246802-B430-45B1-9106-F080CC1561ED}"
EndProject
Project("{FAE04EC0-301F-11D3-BF4B-00C04F79EFBC}") = "WebAppCSC4008.Skia.Tizen", "WebAppCSC4008\WebAppCSC4008.Skia.Tizen\WebAppCSC4008.Skia.Tizen.csproj", "{AA27C3B4-4FDE-4E23-8CA3-6377AB27AC7F}"
EndProject
Global
	GlobalSection(SharedMSBuildProjectFiles) = preSolution
		WebAppCSC4008\WebAppCSC4008.Shared\WebAppCSC4008.Shared.projitems*{2d9c71c5-52e8-4d37-b305-126e7d9d8246}*SharedItemsImports = 4
		WebAppCSC4008\WebAppCSC4008.Shared\WebAppCSC4008.Shared.projitems*{456d10f4-20ef-421b-b522-a86113b316a1}*SharedItemsImports = 4
		WebAppCSC4008\WebAppCSC4008.Shared\WebAppCSC4008.Shared.projitems*{58f3361d-bae6-4079-abde-68e31cd3ed5e}*SharedItemsImports = 4
		WebAppCSC4008\WebAppCSC4008.Shared\WebAppCSC4008.Shared.projitems*{621129bf-1f98-4147-9b1e-5a0f52739663}*SharedItemsImports = 5
		WebAppCSC4008\WebAppCSC4008.Shared\WebAppCSC4008.Shared.projitems*{6279c845-92f8-4333-ab99-3d213163593c}*SharedItemsImports = 13
		WebAppCSC4008\WebAppCSC4008.Shared\WebAppCSC4008.Shared.projitems*{aa27c3b4-4fde-4e23-8ca3-6377ab27ac7f}*SharedItemsImports = 5
		WebAppCSC4008\WebAppCSC4008.Shared\WebAppCSC4008.Shared.projitems*{ae70d93f-e2e3-4ebe-83a7-e4ac36e37231}*SharedItemsImports = 5
		WebAppCSC4008\WebAppCSC4008.Shared\WebAppCSC4008.Shared.projitems*{c3b30dba-a0f1-453f-9227-ea0e904479ce}*SharedItemsImports = 4
		WebAppCSC4008\WebAppCSC4008.Shared\WebAppCSC4008.Shared.projitems*{f7246802-b430-45b1-9106-f080cc1561ed}*SharedItemsImports = 5
	EndGlobalSection
	GlobalSection(SolutionConfigurationPlatforms) = preSolution
		Ad-Hoc|Any CPU = Ad-Hoc|Any CPU
		Ad-Hoc|ARM = Ad-Hoc|ARM
		Ad-Hoc|ARM64 = Ad-Hoc|ARM64
		Ad-Hoc|iPhone = Ad-Hoc|iPhone
		Ad-Hoc|iPhoneSimulator = Ad-Hoc|iPhoneSimulator
		Ad-Hoc|x64 = Ad-Hoc|x64
		Ad-Hoc|x86 = Ad-Hoc|x86
		AppStore|Any CPU = AppStore|Any CPU
		AppStore|ARM = AppStore|ARM
		AppStore|ARM64 = AppStore|ARM64
		AppStore|iPhone = AppStore|iPhone
		AppStore|iPhoneSimulator = AppStore|iPhoneSimulator
		AppStore|x64 = AppStore|x64
		AppStore|x86 = AppStore|x86
		Debug|Any CPU = Debug|Any CPU
		Debug|ARM = Debug|ARM
		Debug|ARM64 = Debug|ARM64
		Debug|iPhone = Debug|iPhone
		Debug|iPhoneSimulator = Debug|iPhoneSimulator
		Debug|x64 = Debug|x64
		Debug|x86 = Debug|x86
		Release|Any CPU = Release|Any CPU
		Release|ARM = Release|ARM
		Release|ARM64 = Release|ARM64
		Release|iPhone = Release|iPhone
		Release|iPhoneSimulator = Release|iPhoneSimulator
		Release|x64 = Release|x64
		Release|x86 = Release|x86
	EndGlobalSection
	GlobalSection(ProjectConfigurationPlatforms) = postSolution
		{58F3361D-BAE6-4079-ABDE-68E31CD3ED5E}.Ad-Hoc|Any CPU.ActiveCfg = Debug|Any CPU
		{58F3361D-BAE6-4079-ABDE-68E31CD3ED5E}.Ad-Hoc|Any CPU.Build.0 = Debug|Any CPU
		{58F3361D-BAE6-4079-ABDE-68E31CD3ED5E}.Ad-Hoc|Any CPU.Deploy.0 = Debug|Any CPU
		{58F3361D-BAE6-4079-ABDE-68E31CD3ED5E}.Ad-Hoc|ARM.ActiveCfg = Debug|Any CPU
		{58F3361D-BAE6-4079-ABDE-68E31CD3ED5E}.Ad-Hoc|ARM.Build.0 = Debug|Any CPU
		{58F3361D-BAE6-4079-ABDE-68E31CD3ED5E}.Ad-Hoc|ARM.Deploy.0 = Debug|Any CPU
		{58F3361D-BAE6-4079-ABDE-68E31CD3ED5E}.Ad-Hoc|ARM64.ActiveCfg = Debug|Any CPU
		{58F3361D-BAE6-4079-ABDE-68E31CD3ED5E}.Ad-Hoc|ARM64.Build.0 = Debug|Any CPU
		{58F3361D-BAE6-4079-ABDE-68E31CD3ED5E}.Ad-Hoc|ARM64.Deploy.0 = Debug|Any CPU
		{58F3361D-BAE6-4079-ABDE-68E31CD3ED5E}.Ad-Hoc|iPhone.ActiveCfg = Debug|Any CPU
		{58F3361D-BAE6-4079-ABDE-68E31CD3ED5E}.Ad-Hoc|iPhone.Build.0 = Debug|Any CPU
		{58F3361D-BAE6-4079-ABDE-68E31CD3ED5E}.Ad-Hoc|iPhone.Deploy.0 = Debug|Any CPU
		{58F3361D-BAE6-4079-ABDE-68E31CD3ED5E}.Ad-Hoc|iPhoneSimulator.ActiveCfg = Debug|Any CPU
		{58F3361D-BAE6-4079-ABDE-68E31CD3ED5E}.Ad-Hoc|iPhoneSimulator.Build.0 = Debug|Any CPU
		{58F3361D-BAE6-4079-ABDE-68E31CD3ED5E}.Ad-Hoc|iPhoneSimulator.Deploy.0 = Debug|Any CPU
		{58F3361D-BAE6-4079-ABDE-68E31CD3ED5E}.Ad-Hoc|x64.ActiveCfg = Debug|Any CPU
		{58F3361D-BAE6-4079-ABDE-68E31CD3ED5E}.Ad-Hoc|x64.Build.0 = Debug|Any CPU
		{58F3361D-BAE6-4079-ABDE-68E31CD3ED5E}.Ad-Hoc|x64.Deploy.0 = Debug|Any CPU
		{58F3361D-BAE6-4079-ABDE-68E31CD3ED5E}.Ad-Hoc|x86.ActiveCfg = Debug|Any CPU
		{58F3361D-BAE6-4079-ABDE-68E31CD3ED5E}.Ad-Hoc|x86.Build.0 = Debug|Any CPU
		{58F3361D-BAE6-4079-ABDE-68E31CD3ED5E}.Ad-Hoc|x86.Deploy.0 = Debug|Any CPU
		{58F3361D-BAE6-4079-ABDE-68E31CD3ED5E}.AppStore|Any CPU.ActiveCfg = Debug|Any CPU
		{58F3361D-BAE6-4079-ABDE-68E31CD3ED5E}.AppStore|Any CPU.Build.0 = Debug|Any CPU
		{58F3361D-BAE6-4079-ABDE-68E31CD3ED5E}.AppStore|Any CPU.Deploy.0 = Debug|Any CPU
		{58F3361D-BAE6-4079-ABDE-68E31CD3ED5E}.AppStore|ARM.ActiveCfg = Debug|Any CPU
		{58F3361D-BAE6-4079-ABDE-68E31CD3ED5E}.AppStore|ARM.Build.0 = Debug|Any CPU
		{58F3361D-BAE6-4079-ABDE-68E31CD3ED5E}.AppStore|ARM.Deploy.0 = Debug|Any CPU
		{58F3361D-BAE6-4079-ABDE-68E31CD3ED5E}.AppStore|ARM64.ActiveCfg = Debug|Any CPU
		{58F3361D-BAE6-4079-ABDE-68E31CD3ED5E}.AppStore|ARM64.Build.0 = Debug|Any CPU
		{58F3361D-BAE6-4079-ABDE-68E31CD3ED5E}.AppStore|ARM64.Deploy.0 = Debug|Any CPU
		{58F3361D-BAE6-4079-ABDE-68E31CD3ED5E}.AppStore|iPhone.ActiveCfg = Debug|Any CPU
		{58F3361D-BAE6-4079-ABDE-68E31CD3ED5E}.AppStore|iPhone.Build.0 = Debug|Any CPU
		{58F3361D-BAE6-4079-ABDE-68E31CD3ED5E}.AppStore|iPhone.Deploy.0 = Debug|Any CPU
		{58F3361D-BAE6-4079-ABDE-68E31CD3ED5E}.AppStore|iPhoneSimulator.ActiveCfg = Debug|Any CPU
		{58F3361D-BAE6-4079-ABDE-68E31CD3ED5E}.AppStore|iPhoneSimulator.Build.0 = Debug|Any CPU
		{58F3361D-BAE6-4079-ABDE-68E31CD3ED5E}.AppStore|iPhoneSimulator.Deploy.0 = Debug|Any CPU
		{58F3361D-BAE6-4079-ABDE-68E31CD3ED5E}.AppStore|x64.ActiveCfg = Debug|Any CPU
		{58F3361D-BAE6-4079-ABDE-68E31CD3ED5E}.AppStore|x64.Build.0 = Debug|Any CPU
		{58F3361D-BAE6-4079-ABDE-68E31CD3ED5E}.AppStore|x64.Deploy.0 = Debug|Any CPU
		{58F3361D-BAE6-4079-ABDE-68E31CD3ED5E}.AppStore|x86.ActiveCfg = Debug|Any CPU
		{58F3361D-BAE6-4079-ABDE-68E31CD3ED5E}.AppStore|x86.Build.0 = Debug|Any CPU
		{58F3361D-BAE6-4079-ABDE-68E31CD3ED5E}.AppStore|x86.Deploy.0 = Debug|Any CPU
		{58F3361D-BAE6-4079-ABDE-68E31CD3ED5E}.Debug|Any CPU.ActiveCfg = Debug|Any CPU
		{58F3361D-BAE6-4079-ABDE-68E31CD3ED5E}.Debug|Any CPU.Build.0 = Debug|Any CPU
		{58F3361D-BAE6-4079-ABDE-68E31CD3ED5E}.Debug|Any CPU.Deploy.0 = Debug|Any CPU
		{58F3361D-BAE6-4079-ABDE-68E31CD3ED5E}.Debug|ARM.ActiveCfg = Debug|Any CPU
		{58F3361D-BAE6-4079-ABDE-68E31CD3ED5E}.Debug|ARM.Build.0 = Debug|Any CPU
		{58F3361D-BAE6-4079-ABDE-68E31CD3ED5E}.Debug|ARM.Deploy.0 = Debug|Any CPU
		{58F3361D-BAE6-4079-ABDE-68E31CD3ED5E}.Debug|ARM64.ActiveCfg = Debug|Any CPU
		{58F3361D-BAE6-4079-ABDE-68E31CD3ED5E}.Debug|ARM64.Build.0 = Debug|Any CPU
		{58F3361D-BAE6-4079-ABDE-68E31CD3ED5E}.Debug|ARM64.Deploy.0 = Debug|Any CPU
		{58F3361D-BAE6-4079-ABDE-68E31CD3ED5E}.Debug|iPhone.ActiveCfg = Debug|Any CPU
		{58F3361D-BAE6-4079-ABDE-68E31CD3ED5E}.Debug|iPhone.Build.0 = Debug|Any CPU
		{58F3361D-BAE6-4079-ABDE-68E31CD3ED5E}.Debug|iPhone.Deploy.0 = Debug|Any CPU
		{58F3361D-BAE6-4079-ABDE-68E31CD3ED5E}.Debug|iPhoneSimulator.ActiveCfg = Debug|Any CPU
		{58F3361D-BAE6-4079-ABDE-68E31CD3ED5E}.Debug|iPhoneSimulator.Build.0 = Debug|Any CPU
		{58F3361D-BAE6-4079-ABDE-68E31CD3ED5E}.Debug|iPhoneSimulator.Deploy.0 = Debug|Any CPU
		{58F3361D-BAE6-4079-ABDE-68E31CD3ED5E}.Debug|x64.ActiveCfg = Debug|Any CPU
		{58F3361D-BAE6-4079-ABDE-68E31CD3ED5E}.Debug|x64.Build.0 = Debug|Any CPU
		{58F3361D-BAE6-4079-ABDE-68E31CD3ED5E}.Debug|x64.Deploy.0 = Debug|Any CPU
		{58F3361D-BAE6-4079-ABDE-68E31CD3ED5E}.Debug|x86.ActiveCfg = Debug|Any CPU
		{58F3361D-BAE6-4079-ABDE-68E31CD3ED5E}.Debug|x86.Build.0 = Debug|Any CPU
		{58F3361D-BAE6-4079-ABDE-68E31CD3ED5E}.Debug|x86.Deploy.0 = Debug|Any CPU
		{58F3361D-BAE6-4079-ABDE-68E31CD3ED5E}.Release|Any CPU.ActiveCfg = Release|Any CPU
		{58F3361D-BAE6-4079-ABDE-68E31CD3ED5E}.Release|Any CPU.Build.0 = Release|Any CPU
		{58F3361D-BAE6-4079-ABDE-68E31CD3ED5E}.Release|Any CPU.Deploy.0 = Release|Any CPU
		{58F3361D-BAE6-4079-ABDE-68E31CD3ED5E}.Release|ARM.ActiveCfg = Release|Any CPU
		{58F3361D-BAE6-4079-ABDE-68E31CD3ED5E}.Release|ARM.Build.0 = Release|Any CPU
		{58F3361D-BAE6-4079-ABDE-68E31CD3ED5E}.Release|ARM.Deploy.0 = Release|Any CPU
		{58F3361D-BAE6-4079-ABDE-68E31CD3ED5E}.Release|ARM64.ActiveCfg = Release|Any CPU
		{58F3361D-BAE6-4079-ABDE-68E31CD3ED5E}.Release|ARM64.Build.0 = Release|Any CPU
		{58F3361D-BAE6-4079-ABDE-68E31CD3ED5E}.Release|ARM64.Deploy.0 = Release|Any CPU
		{58F3361D-BAE6-4079-ABDE-68E31CD3ED5E}.Release|iPhone.ActiveCfg = Release|Any CPU
		{58F3361D-BAE6-4079-ABDE-68E31CD3ED5E}.Release|iPhone.Build.0 = Release|Any CPU
		{58F3361D-BAE6-4079-ABDE-68E31CD3ED5E}.Release|iPhone.Deploy.0 = Release|Any CPU
		{58F3361D-BAE6-4079-ABDE-68E31CD3ED5E}.Release|iPhoneSimulator.ActiveCfg = Release|Any CPU
		{58F3361D-BAE6-4079-ABDE-68E31CD3ED5E}.Release|iPhoneSimulator.Build.0 = Release|Any CPU
		{58F3361D-BAE6-4079-ABDE-68E31CD3ED5E}.Release|iPhoneSimulator.Deploy.0 = Release|Any CPU
		{58F3361D-BAE6-4079-ABDE-68E31CD3ED5E}.Release|x64.ActiveCfg = Release|Any CPU
		{58F3361D-BAE6-4079-ABDE-68E31CD3ED5E}.Release|x64.Build.0 = Release|Any CPU
		{58F3361D-BAE6-4079-ABDE-68E31CD3ED5E}.Release|x64.Deploy.0 = Release|Any CPU
		{58F3361D-BAE6-4079-ABDE-68E31CD3ED5E}.Release|x86.ActiveCfg = Release|Any CPU
		{58F3361D-BAE6-4079-ABDE-68E31CD3ED5E}.Release|x86.Build.0 = Release|Any CPU
		{58F3361D-BAE6-4079-ABDE-68E31CD3ED5E}.Release|x86.Deploy.0 = Release|Any CPU
		{456D10F4-20EF-421B-B522-A86113B316A1}.Ad-Hoc|Any CPU.ActiveCfg = Ad-Hoc|iPhoneSimulator
		{456D10F4-20EF-421B-B522-A86113B316A1}.Ad-Hoc|ARM.ActiveCfg = Ad-Hoc|iPhoneSimulator
		{456D10F4-20EF-421B-B522-A86113B316A1}.Ad-Hoc|ARM64.ActiveCfg = Ad-Hoc|iPhoneSimulator
		{456D10F4-20EF-421B-B522-A86113B316A1}.Ad-Hoc|iPhone.ActiveCfg = Ad-Hoc|iPhone
		{456D10F4-20EF-421B-B522-A86113B316A1}.Ad-Hoc|iPhone.Build.0 = Ad-Hoc|iPhone
		{456D10F4-20EF-421B-B522-A86113B316A1}.Ad-Hoc|iPhoneSimulator.ActiveCfg = Ad-Hoc|iPhoneSimulator
		{456D10F4-20EF-421B-B522-A86113B316A1}.Ad-Hoc|iPhoneSimulator.Build.0 = Ad-Hoc|iPhoneSimulator
		{456D10F4-20EF-421B-B522-A86113B316A1}.Ad-Hoc|x64.ActiveCfg = Ad-Hoc|iPhoneSimulator
		{456D10F4-20EF-421B-B522-A86113B316A1}.Ad-Hoc|x86.ActiveCfg = Ad-Hoc|iPhoneSimulator
		{456D10F4-20EF-421B-B522-A86113B316A1}.AppStore|Any CPU.ActiveCfg = AppStore|iPhoneSimulator
		{456D10F4-20EF-421B-B522-A86113B316A1}.AppStore|ARM.ActiveCfg = AppStore|iPhoneSimulator
		{456D10F4-20EF-421B-B522-A86113B316A1}.AppStore|ARM64.ActiveCfg = AppStore|iPhoneSimulator
		{456D10F4-20EF-421B-B522-A86113B316A1}.AppStore|iPhone.ActiveCfg = AppStore|iPhone
		{456D10F4-20EF-421B-B522-A86113B316A1}.AppStore|iPhone.Build.0 = AppStore|iPhone
		{456D10F4-20EF-421B-B522-A86113B316A1}.AppStore|iPhoneSimulator.ActiveCfg = AppStore|iPhoneSimulator
		{456D10F4-20EF-421B-B522-A86113B316A1}.AppStore|iPhoneSimulator.Build.0 = AppStore|iPhoneSimulator
		{456D10F4-20EF-421B-B522-A86113B316A1}.AppStore|x64.ActiveCfg = AppStore|iPhoneSimulator
		{456D10F4-20EF-421B-B522-A86113B316A1}.AppStore|x86.ActiveCfg = AppStore|iPhoneSimulator
		{456D10F4-20EF-421B-B522-A86113B316A1}.Debug|Any CPU.ActiveCfg = Debug|iPhoneSimulator
		{456D10F4-20EF-421B-B522-A86113B316A1}.Debug|ARM.ActiveCfg = Debug|iPhoneSimulator
		{456D10F4-20EF-421B-B522-A86113B316A1}.Debug|ARM64.ActiveCfg = Debug|iPhoneSimulator
		{456D10F4-20EF-421B-B522-A86113B316A1}.Debug|iPhone.ActiveCfg = Debug|iPhone
		{456D10F4-20EF-421B-B522-A86113B316A1}.Debug|iPhone.Build.0 = Debug|iPhone
		{456D10F4-20EF-421B-B522-A86113B316A1}.Debug|iPhoneSimulator.ActiveCfg = Debug|iPhoneSimulator
		{456D10F4-20EF-421B-B522-A86113B316A1}.Debug|iPhoneSimulator.Build.0 = Debug|iPhoneSimulator
		{456D10F4-20EF-421B-B522-A86113B316A1}.Debug|x64.ActiveCfg = Debug|iPhoneSimulator
		{456D10F4-20EF-421B-B522-A86113B316A1}.Debug|x86.ActiveCfg = Debug|iPhoneSimulator
		{456D10F4-20EF-421B-B522-A86113B316A1}.Release|Any CPU.ActiveCfg = Release|iPhoneSimulator
		{456D10F4-20EF-421B-B522-A86113B316A1}.Release|ARM.ActiveCfg = Release|iPhoneSimulator
		{456D10F4-20EF-421B-B522-A86113B316A1}.Release|ARM64.ActiveCfg = Release|iPhoneSimulator
		{456D10F4-20EF-421B-B522-A86113B316A1}.Release|iPhone.ActiveCfg = Release|iPhone
		{456D10F4-20EF-421B-B522-A86113B316A1}.Release|iPhone.Build.0 = Release|iPhone
		{456D10F4-20EF-421B-B522-A86113B316A1}.Release|iPhoneSimulator.ActiveCfg = Release|iPhoneSimulator
		{456D10F4-20EF-421B-B522-A86113B316A1}.Release|iPhoneSimulator.Build.0 = Release|iPhoneSimulator
		{456D10F4-20EF-421B-B522-A86113B316A1}.Release|x64.ActiveCfg = Release|iPhoneSimulator
		{456D10F4-20EF-421B-B522-A86113B316A1}.Release|x86.ActiveCfg = Release|iPhoneSimulator
		{2D9C71C5-52E8-4D37-B305-126E7D9D8246}.Ad-Hoc|Any CPU.ActiveCfg = Debug|x86
		{2D9C71C5-52E8-4D37-B305-126E7D9D8246}.Ad-Hoc|Any CPU.Build.0 = Debug|x86
		{2D9C71C5-52E8-4D37-B305-126E7D9D8246}.Ad-Hoc|Any CPU.Deploy.0 = Debug|x86
		{2D9C71C5-52E8-4D37-B305-126E7D9D8246}.Ad-Hoc|ARM.ActiveCfg = Debug|ARM
		{2D9C71C5-52E8-4D37-B305-126E7D9D8246}.Ad-Hoc|ARM.Build.0 = Debug|ARM
		{2D9C71C5-52E8-4D37-B305-126E7D9D8246}.Ad-Hoc|ARM.Deploy.0 = Debug|ARM
		{2D9C71C5-52E8-4D37-B305-126E7D9D8246}.Ad-Hoc|ARM64.ActiveCfg = Debug|ARM64
		{2D9C71C5-52E8-4D37-B305-126E7D9D8246}.Ad-Hoc|ARM64.Build.0 = Debug|ARM64
		{2D9C71C5-52E8-4D37-B305-126E7D9D8246}.Ad-Hoc|ARM64.Deploy.0 = Debug|ARM64
		{2D9C71C5-52E8-4D37-B305-126E7D9D8246}.Ad-Hoc|iPhone.ActiveCfg = Debug|x86
		{2D9C71C5-52E8-4D37-B305-126E7D9D8246}.Ad-Hoc|iPhone.Build.0 = Debug|x86
		{2D9C71C5-52E8-4D37-B305-126E7D9D8246}.Ad-Hoc|iPhone.Deploy.0 = Debug|x86
		{2D9C71C5-52E8-4D37-B305-126E7D9D8246}.Ad-Hoc|iPhoneSimulator.ActiveCfg = Debug|x86
		{2D9C71C5-52E8-4D37-B305-126E7D9D8246}.Ad-Hoc|iPhoneSimulator.Build.0 = Debug|x86
		{2D9C71C5-52E8-4D37-B305-126E7D9D8246}.Ad-Hoc|iPhoneSimulator.Deploy.0 = Debug|x86
		{2D9C71C5-52E8-4D37-B305-126E7D9D8246}.Ad-Hoc|x64.ActiveCfg = Debug|x64
		{2D9C71C5-52E8-4D37-B305-126E7D9D8246}.Ad-Hoc|x64.Build.0 = Debug|x64
		{2D9C71C5-52E8-4D37-B305-126E7D9D8246}.Ad-Hoc|x64.Deploy.0 = Debug|x64
		{2D9C71C5-52E8-4D37-B305-126E7D9D8246}.Ad-Hoc|x86.ActiveCfg = Debug|x86
		{2D9C71C5-52E8-4D37-B305-126E7D9D8246}.Ad-Hoc|x86.Build.0 = Debug|x86
		{2D9C71C5-52E8-4D37-B305-126E7D9D8246}.Ad-Hoc|x86.Deploy.0 = Debug|x86
		{2D9C71C5-52E8-4D37-B305-126E7D9D8246}.AppStore|Any CPU.ActiveCfg = Debug|x86
		{2D9C71C5-52E8-4D37-B305-126E7D9D8246}.AppStore|Any CPU.Build.0 = Debug|x86
		{2D9C71C5-52E8-4D37-B305-126E7D9D8246}.AppStore|Any CPU.Deploy.0 = Debug|x86
		{2D9C71C5-52E8-4D37-B305-126E7D9D8246}.AppStore|ARM.ActiveCfg = Debug|ARM
		{2D9C71C5-52E8-4D37-B305-126E7D9D8246}.AppStore|ARM.Build.0 = Debug|ARM
		{2D9C71C5-52E8-4D37-B305-126E7D9D8246}.AppStore|ARM.Deploy.0 = Debug|ARM
		{2D9C71C5-52E8-4D37-B305-126E7D9D8246}.AppStore|ARM64.ActiveCfg = Debug|ARM64
		{2D9C71C5-52E8-4D37-B305-126E7D9D8246}.AppStore|ARM64.Build.0 = Debug|ARM64
		{2D9C71C5-52E8-4D37-B305-126E7D9D8246}.AppStore|ARM64.Deploy.0 = Debug|ARM64
		{2D9C71C5-52E8-4D37-B305-126E7D9D8246}.AppStore|iPhone.ActiveCfg = Debug|x86
		{2D9C71C5-52E8-4D37-B305-126E7D9D8246}.AppStore|iPhone.Build.0 = Debug|x86
		{2D9C71C5-52E8-4D37-B305-126E7D9D8246}.AppStore|iPhone.Deploy.0 = Debug|x86
		{2D9C71C5-52E8-4D37-B305-126E7D9D8246}.AppStore|iPhoneSimulator.ActiveCfg = Debug|x86
		{2D9C71C5-52E8-4D37-B305-126E7D9D8246}.AppStore|iPhoneSimulator.Build.0 = Debug|x86
		{2D9C71C5-52E8-4D37-B305-126E7D9D8246}.AppStore|iPhoneSimulator.Deploy.0 = Debug|x86
		{2D9C71C5-52E8-4D37-B305-126E7D9D8246}.AppStore|x64.ActiveCfg = Debug|x64
		{2D9C71C5-52E8-4D37-B305-126E7D9D8246}.AppStore|x64.Build.0 = Debug|x64
		{2D9C71C5-52E8-4D37-B305-126E7D9D8246}.AppStore|x64.Deploy.0 = Debug|x64
		{2D9C71C5-52E8-4D37-B305-126E7D9D8246}.AppStore|x86.ActiveCfg = Debug|x86
		{2D9C71C5-52E8-4D37-B305-126E7D9D8246}.AppStore|x86.Build.0 = Debug|x86
		{2D9C71C5-52E8-4D37-B305-126E7D9D8246}.AppStore|x86.Deploy.0 = Debug|x86
		{2D9C71C5-52E8-4D37-B305-126E7D9D8246}.Debug|Any CPU.ActiveCfg = Debug|x86
		{2D9C71C5-52E8-4D37-B305-126E7D9D8246}.Debug|Any CPU.Build.0 = Debug|x86
		{2D9C71C5-52E8-4D37-B305-126E7D9D8246}.Debug|Any CPU.Deploy.0 = Debug|x86
		{2D9C71C5-52E8-4D37-B305-126E7D9D8246}.Debug|ARM.ActiveCfg = Debug|ARM
		{2D9C71C5-52E8-4D37-B305-126E7D9D8246}.Debug|ARM.Build.0 = Debug|ARM
		{2D9C71C5-52E8-4D37-B305-126E7D9D8246}.Debug|ARM.Deploy.0 = Debug|ARM
		{2D9C71C5-52E8-4D37-B305-126E7D9D8246}.Debug|ARM64.ActiveCfg = Debug|ARM64
		{2D9C71C5-52E8-4D37-B305-126E7D9D8246}.Debug|ARM64.Build.0 = Debug|ARM64
		{2D9C71C5-52E8-4D37-B305-126E7D9D8246}.Debug|ARM64.Deploy.0 = Debug|ARM64
		{2D9C71C5-52E8-4D37-B305-126E7D9D8246}.Debug|iPhone.ActiveCfg = Debug|x86
		{2D9C71C5-52E8-4D37-B305-126E7D9D8246}.Debug|iPhoneSimulator.ActiveCfg = Debug|x86
		{2D9C71C5-52E8-4D37-B305-126E7D9D8246}.Debug|x64.ActiveCfg = Debug|x64
		{2D9C71C5-52E8-4D37-B305-126E7D9D8246}.Debug|x64.Build.0 = Debug|x64
		{2D9C71C5-52E8-4D37-B305-126E7D9D8246}.Debug|x64.Deploy.0 = Debug|x64
		{2D9C71C5-52E8-4D37-B305-126E7D9D8246}.Debug|x86.ActiveCfg = Debug|x86
		{2D9C71C5-52E8-4D37-B305-126E7D9D8246}.Debug|x86.Build.0 = Debug|x86
		{2D9C71C5-52E8-4D37-B305-126E7D9D8246}.Debug|x86.Deploy.0 = Debug|x86
		{2D9C71C5-52E8-4D37-B305-126E7D9D8246}.Release|Any CPU.ActiveCfg = Release|x86
		{2D9C71C5-52E8-4D37-B305-126E7D9D8246}.Release|ARM.ActiveCfg = Release|ARM
		{2D9C71C5-52E8-4D37-B305-126E7D9D8246}.Release|ARM.Build.0 = Release|ARM
		{2D9C71C5-52E8-4D37-B305-126E7D9D8246}.Release|ARM.Deploy.0 = Release|ARM
		{2D9C71C5-52E8-4D37-B305-126E7D9D8246}.Release|ARM64.ActiveCfg = Release|ARM64
		{2D9C71C5-52E8-4D37-B305-126E7D9D8246}.Release|ARM64.Build.0 = Release|ARM64
		{2D9C71C5-52E8-4D37-B305-126E7D9D8246}.Release|ARM64.Deploy.0 = Release|ARM64
		{2D9C71C5-52E8-4D37-B305-126E7D9D8246}.Release|iPhone.ActiveCfg = Release|x86
		{2D9C71C5-52E8-4D37-B305-126E7D9D8246}.Release|iPhoneSimulator.ActiveCfg = Release|x86
		{2D9C71C5-52E8-4D37-B305-126E7D9D8246}.Release|x64.ActiveCfg = Release|x64
		{2D9C71C5-52E8-4D37-B305-126E7D9D8246}.Release|x64.Build.0 = Release|x64
		{2D9C71C5-52E8-4D37-B305-126E7D9D8246}.Release|x64.Deploy.0 = Release|x64
		{2D9C71C5-52E8-4D37-B305-126E7D9D8246}.Release|x86.ActiveCfg = Release|x86
		{2D9C71C5-52E8-4D37-B305-126E7D9D8246}.Release|x86.Build.0 = Release|x86
		{2D9C71C5-52E8-4D37-B305-126E7D9D8246}.Release|x86.Deploy.0 = Release|x86
		{AE70D93F-E2E3-4EBE-83A7-E4AC36E37231}.Ad-Hoc|Any CPU.ActiveCfg = Debug|Any CPU
		{AE70D93F-E2E3-4EBE-83A7-E4AC36E37231}.Ad-Hoc|Any CPU.Build.0 = Debug|Any CPU
		{AE70D93F-E2E3-4EBE-83A7-E4AC36E37231}.Ad-Hoc|ARM.ActiveCfg = Debug|Any CPU
		{AE70D93F-E2E3-4EBE-83A7-E4AC36E37231}.Ad-Hoc|ARM.Build.0 = Debug|Any CPU
		{AE70D93F-E2E3-4EBE-83A7-E4AC36E37231}.Ad-Hoc|ARM64.ActiveCfg = Debug|Any CPU
		{AE70D93F-E2E3-4EBE-83A7-E4AC36E37231}.Ad-Hoc|ARM64.Build.0 = Debug|Any CPU
		{AE70D93F-E2E3-4EBE-83A7-E4AC36E37231}.Ad-Hoc|iPhone.ActiveCfg = Debug|Any CPU
		{AE70D93F-E2E3-4EBE-83A7-E4AC36E37231}.Ad-Hoc|iPhone.Build.0 = Debug|Any CPU
		{AE70D93F-E2E3-4EBE-83A7-E4AC36E37231}.Ad-Hoc|iPhoneSimulator.ActiveCfg = Debug|Any CPU
		{AE70D93F-E2E3-4EBE-83A7-E4AC36E37231}.Ad-Hoc|iPhoneSimulator.Build.0 = Debug|Any CPU
		{AE70D93F-E2E3-4EBE-83A7-E4AC36E37231}.Ad-Hoc|x64.ActiveCfg = Debug|Any CPU
		{AE70D93F-E2E3-4EBE-83A7-E4AC36E37231}.Ad-Hoc|x64.Build.0 = Debug|Any CPU
		{AE70D93F-E2E3-4EBE-83A7-E4AC36E37231}.Ad-Hoc|x86.ActiveCfg = Debug|Any CPU
		{AE70D93F-E2E3-4EBE-83A7-E4AC36E37231}.Ad-Hoc|x86.Build.0 = Debug|Any CPU
		{AE70D93F-E2E3-4EBE-83A7-E4AC36E37231}.AppStore|Any CPU.ActiveCfg = Debug|Any CPU
		{AE70D93F-E2E3-4EBE-83A7-E4AC36E37231}.AppStore|Any CPU.Build.0 = Debug|Any CPU
		{AE70D93F-E2E3-4EBE-83A7-E4AC36E37231}.AppStore|ARM.ActiveCfg = Debug|Any CPU
		{AE70D93F-E2E3-4EBE-83A7-E4AC36E37231}.AppStore|ARM.Build.0 = Debug|Any CPU
		{AE70D93F-E2E3-4EBE-83A7-E4AC36E37231}.AppStore|ARM64.ActiveCfg = Debug|Any CPU
		{AE70D93F-E2E3-4EBE-83A7-E4AC36E37231}.AppStore|ARM64.Build.0 = Debug|Any CPU
		{AE70D93F-E2E3-4EBE-83A7-E4AC36E37231}.AppStore|iPhone.ActiveCfg = Debug|Any CPU
		{AE70D93F-E2E3-4EBE-83A7-E4AC36E37231}.AppStore|iPhone.Build.0 = Debug|Any CPU
		{AE70D93F-E2E3-4EBE-83A7-E4AC36E37231}.AppStore|iPhoneSimulator.ActiveCfg = Debug|Any CPU
		{AE70D93F-E2E3-4EBE-83A7-E4AC36E37231}.AppStore|iPhoneSimulator.Build.0 = Debug|Any CPU
		{AE70D93F-E2E3-4EBE-83A7-E4AC36E37231}.AppStore|x64.ActiveCfg = Debug|Any CPU
		{AE70D93F-E2E3-4EBE-83A7-E4AC36E37231}.AppStore|x64.Build.0 = Debug|Any CPU
		{AE70D93F-E2E3-4EBE-83A7-E4AC36E37231}.AppStore|x86.ActiveCfg = Debug|Any CPU
		{AE70D93F-E2E3-4EBE-83A7-E4AC36E37231}.AppStore|x86.Build.0 = Debug|Any CPU
		{AE70D93F-E2E3-4EBE-83A7-E4AC36E37231}.Debug|Any CPU.ActiveCfg = Debug|Any CPU
		{AE70D93F-E2E3-4EBE-83A7-E4AC36E37231}.Debug|Any CPU.Build.0 = Debug|Any CPU
		{AE70D93F-E2E3-4EBE-83A7-E4AC36E37231}.Debug|ARM.ActiveCfg = Debug|Any CPU
		{AE70D93F-E2E3-4EBE-83A7-E4AC36E37231}.Debug|ARM.Build.0 = Debug|Any CPU
		{AE70D93F-E2E3-4EBE-83A7-E4AC36E37231}.Debug|ARM64.ActiveCfg = Debug|Any CPU
		{AE70D93F-E2E3-4EBE-83A7-E4AC36E37231}.Debug|ARM64.Build.0 = Debug|Any CPU
		{AE70D93F-E2E3-4EBE-83A7-E4AC36E37231}.Debug|iPhone.ActiveCfg = Debug|Any CPU
		{AE70D93F-E2E3-4EBE-83A7-E4AC36E37231}.Debug|iPhone.Build.0 = Debug|Any CPU
		{AE70D93F-E2E3-4EBE-83A7-E4AC36E37231}.Debug|iPhoneSimulator.ActiveCfg = Debug|Any CPU
		{AE70D93F-E2E3-4EBE-83A7-E4AC36E37231}.Debug|iPhoneSimulator.Build.0 = Debug|Any CPU
		{AE70D93F-E2E3-4EBE-83A7-E4AC36E37231}.Debug|x64.ActiveCfg = Debug|Any CPU
		{AE70D93F-E2E3-4EBE-83A7-E4AC36E37231}.Debug|x64.Build.0 = Debug|Any CPU
		{AE70D93F-E2E3-4EBE-83A7-E4AC36E37231}.Debug|x86.ActiveCfg = Debug|Any CPU
		{AE70D93F-E2E3-4EBE-83A7-E4AC36E37231}.Debug|x86.Build.0 = Debug|Any CPU
		{AE70D93F-E2E3-4EBE-83A7-E4AC36E37231}.Release|Any CPU.ActiveCfg = Release|Any CPU
		{AE70D93F-E2E3-4EBE-83A7-E4AC36E37231}.Release|Any CPU.Build.0 = Release|Any CPU
		{AE70D93F-E2E3-4EBE-83A7-E4AC36E37231}.Release|ARM.ActiveCfg = Release|Any CPU
		{AE70D93F-E2E3-4EBE-83A7-E4AC36E37231}.Release|ARM.Build.0 = Release|Any CPU
		{AE70D93F-E2E3-4EBE-83A7-E4AC36E37231}.Release|ARM64.ActiveCfg = Release|Any CPU
		{AE70D93F-E2E3-4EBE-83A7-E4AC36E37231}.Release|ARM64.Build.0 = Release|Any CPU
		{AE70D93F-E2E3-4EBE-83A7-E4AC36E37231}.Release|iPhone.ActiveCfg = Release|Any CPU
		{AE70D93F-E2E3-4EBE-83A7-E4AC36E37231}.Release|iPhone.Build.0 = Release|Any CPU
		{AE70D93F-E2E3-4EBE-83A7-E4AC36E37231}.Release|iPhoneSimulator.ActiveCfg = Release|Any CPU
		{AE70D93F-E2E3-4EBE-83A7-E4AC36E37231}.Release|iPhoneSimulator.Build.0 = Release|Any CPU
		{AE70D93F-E2E3-4EBE-83A7-E4AC36E37231}.Release|x64.ActiveCfg = Release|Any CPU
		{AE70D93F-E2E3-4EBE-83A7-E4AC36E37231}.Release|x64.Build.0 = Release|Any CPU
		{AE70D93F-E2E3-4EBE-83A7-E4AC36E37231}.Release|x86.ActiveCfg = Release|Any CPU
		{AE70D93F-E2E3-4EBE-83A7-E4AC36E37231}.Release|x86.Build.0 = Release|Any CPU
		{C3B30DBA-A0F1-453F-9227-EA0E904479CE}.Ad-Hoc|Any CPU.ActiveCfg = Debug|iPhoneSimulator
		{C3B30DBA-A0F1-453F-9227-EA0E904479CE}.Ad-Hoc|Any CPU.Build.0 = Debug|iPhoneSimulator
		{C3B30DBA-A0F1-453F-9227-EA0E904479CE}.Ad-Hoc|ARM.ActiveCfg = Debug|iPhoneSimulator
		{C3B30DBA-A0F1-453F-9227-EA0E904479CE}.Ad-Hoc|ARM.Build.0 = Debug|iPhoneSimulator
		{C3B30DBA-A0F1-453F-9227-EA0E904479CE}.Ad-Hoc|ARM64.ActiveCfg = Debug|iPhoneSimulator
		{C3B30DBA-A0F1-453F-9227-EA0E904479CE}.Ad-Hoc|ARM64.Build.0 = Debug|iPhoneSimulator
		{C3B30DBA-A0F1-453F-9227-EA0E904479CE}.Ad-Hoc|iPhone.ActiveCfg = Debug|iPhoneSimulator
		{C3B30DBA-A0F1-453F-9227-EA0E904479CE}.Ad-Hoc|iPhone.Build.0 = Debug|iPhoneSimulator
		{C3B30DBA-A0F1-453F-9227-EA0E904479CE}.Ad-Hoc|iPhoneSimulator.ActiveCfg = Debug|iPhoneSimulator
		{C3B30DBA-A0F1-453F-9227-EA0E904479CE}.Ad-Hoc|iPhoneSimulator.Build.0 = Debug|iPhoneSimulator
		{C3B30DBA-A0F1-453F-9227-EA0E904479CE}.Ad-Hoc|x64.ActiveCfg = Debug|iPhoneSimulator
		{C3B30DBA-A0F1-453F-9227-EA0E904479CE}.Ad-Hoc|x64.Build.0 = Debug|iPhoneSimulator
		{C3B30DBA-A0F1-453F-9227-EA0E904479CE}.Ad-Hoc|x86.ActiveCfg = Debug|iPhoneSimulator
		{C3B30DBA-A0F1-453F-9227-EA0E904479CE}.Ad-Hoc|x86.Build.0 = Debug|iPhoneSimulator
		{C3B30DBA-A0F1-453F-9227-EA0E904479CE}.AppStore|Any CPU.ActiveCfg = Debug|iPhoneSimulator
		{C3B30DBA-A0F1-453F-9227-EA0E904479CE}.AppStore|Any CPU.Build.0 = Debug|iPhoneSimulator
		{C3B30DBA-A0F1-453F-9227-EA0E904479CE}.AppStore|ARM.ActiveCfg = Debug|iPhoneSimulator
		{C3B30DBA-A0F1-453F-9227-EA0E904479CE}.AppStore|ARM.Build.0 = Debug|iPhoneSimulator
		{C3B30DBA-A0F1-453F-9227-EA0E904479CE}.AppStore|ARM64.ActiveCfg = Debug|iPhoneSimulator
		{C3B30DBA-A0F1-453F-9227-EA0E904479CE}.AppStore|ARM64.Build.0 = Debug|iPhoneSimulator
		{C3B30DBA-A0F1-453F-9227-EA0E904479CE}.AppStore|iPhone.ActiveCfg = Debug|iPhoneSimulator
		{C3B30DBA-A0F1-453F-9227-EA0E904479CE}.AppStore|iPhone.Build.0 = Debug|iPhoneSimulator
		{C3B30DBA-A0F1-453F-9227-EA0E904479CE}.AppStore|iPhoneSimulator.ActiveCfg = Debug|iPhoneSimulator
		{C3B30DBA-A0F1-453F-9227-EA0E904479CE}.AppStore|iPhoneSimulator.Build.0 = Debug|iPhoneSimulator
		{C3B30DBA-A0F1-453F-9227-EA0E904479CE}.AppStore|x64.ActiveCfg = Debug|iPhoneSimulator
		{C3B30DBA-A0F1-453F-9227-EA0E904479CE}.AppStore|x64.Build.0 = Debug|iPhoneSimulator
		{C3B30DBA-A0F1-453F-9227-EA0E904479CE}.AppStore|x86.ActiveCfg = Debug|iPhoneSimulator
		{C3B30DBA-A0F1-453F-9227-EA0E904479CE}.AppStore|x86.Build.0 = Debug|iPhoneSimulator
		{C3B30DBA-A0F1-453F-9227-EA0E904479CE}.Debug|Any CPU.ActiveCfg = Debug|iPhoneSimulator
		{C3B30DBA-A0F1-453F-9227-EA0E904479CE}.Debug|ARM.ActiveCfg = Debug|iPhoneSimulator
		{C3B30DBA-A0F1-453F-9227-EA0E904479CE}.Debug|ARM64.ActiveCfg = Debug|iPhoneSimulator
		{C3B30DBA-A0F1-453F-9227-EA0E904479CE}.Debug|iPhone.ActiveCfg = Debug|iPhoneSimulator
		{C3B30DBA-A0F1-453F-9227-EA0E904479CE}.Debug|iPhoneSimulator.ActiveCfg = Debug|iPhoneSimulator
		{C3B30DBA-A0F1-453F-9227-EA0E904479CE}.Debug|iPhoneSimulator.Build.0 = Debug|iPhoneSimulator
		{C3B30DBA-A0F1-453F-9227-EA0E904479CE}.Debug|x64.ActiveCfg = Debug|iPhoneSimulator
		{C3B30DBA-A0F1-453F-9227-EA0E904479CE}.Debug|x86.ActiveCfg = Debug|iPhoneSimulator
		{C3B30DBA-A0F1-453F-9227-EA0E904479CE}.Release|Any CPU.ActiveCfg = Release|iPhoneSimulator
		{C3B30DBA-A0F1-453F-9227-EA0E904479CE}.Release|ARM.ActiveCfg = Release|iPhoneSimulator
		{C3B30DBA-A0F1-453F-9227-EA0E904479CE}.Release|ARM64.ActiveCfg = Release|iPhoneSimulator
		{C3B30DBA-A0F1-453F-9227-EA0E904479CE}.Release|iPhone.ActiveCfg = Release|iPhoneSimulator
		{C3B30DBA-A0F1-453F-9227-EA0E904479CE}.Release|iPhoneSimulator.ActiveCfg = Release|iPhoneSimulator
		{C3B30DBA-A0F1-453F-9227-EA0E904479CE}.Release|iPhoneSimulator.Build.0 = Release|iPhoneSimulator
		{C3B30DBA-A0F1-453F-9227-EA0E904479CE}.Release|x64.ActiveCfg = Release|iPhoneSimulator
		{C3B30DBA-A0F1-453F-9227-EA0E904479CE}.Release|x86.ActiveCfg = Release|iPhoneSimulator
		{222B6AEA-BB1D-40ED-89F7-5BF5CC217EDC}.Ad-Hoc|Any CPU.ActiveCfg = Debug|Any CPU
		{222B6AEA-BB1D-40ED-89F7-5BF5CC217EDC}.Ad-Hoc|Any CPU.Build.0 = Debug|Any CPU
		{222B6AEA-BB1D-40ED-89F7-5BF5CC217EDC}.Ad-Hoc|ARM.ActiveCfg = Debug|Any CPU
		{222B6AEA-BB1D-40ED-89F7-5BF5CC217EDC}.Ad-Hoc|ARM.Build.0 = Debug|Any CPU
		{222B6AEA-BB1D-40ED-89F7-5BF5CC217EDC}.Ad-Hoc|ARM64.ActiveCfg = Debug|Any CPU
		{222B6AEA-BB1D-40ED-89F7-5BF5CC217EDC}.Ad-Hoc|ARM64.Build.0 = Debug|Any CPU
		{222B6AEA-BB1D-40ED-89F7-5BF5CC217EDC}.Ad-Hoc|iPhone.ActiveCfg = Debug|Any CPU
		{222B6AEA-BB1D-40ED-89F7-5BF5CC217EDC}.Ad-Hoc|iPhone.Build.0 = Debug|Any CPU
		{222B6AEA-BB1D-40ED-89F7-5BF5CC217EDC}.Ad-Hoc|iPhoneSimulator.ActiveCfg = Debug|Any CPU
		{222B6AEA-BB1D-40ED-89F7-5BF5CC217EDC}.Ad-Hoc|iPhoneSimulator.Build.0 = Debug|Any CPU
		{222B6AEA-BB1D-40ED-89F7-5BF5CC217EDC}.Ad-Hoc|x64.ActiveCfg = Debug|Any CPU
		{222B6AEA-BB1D-40ED-89F7-5BF5CC217EDC}.Ad-Hoc|x64.Build.0 = Debug|Any CPU
		{222B6AEA-BB1D-40ED-89F7-5BF5CC217EDC}.Ad-Hoc|x86.ActiveCfg = Debug|Any CPU
		{222B6AEA-BB1D-40ED-89F7-5BF5CC217EDC}.Ad-Hoc|x86.Build.0 = Debug|Any CPU
		{222B6AEA-BB1D-40ED-89F7-5BF5CC217EDC}.AppStore|Any CPU.ActiveCfg = Debug|Any CPU
		{222B6AEA-BB1D-40ED-89F7-5BF5CC217EDC}.AppStore|Any CPU.Build.0 = Debug|Any CPU
		{222B6AEA-BB1D-40ED-89F7-5BF5CC217EDC}.AppStore|ARM.ActiveCfg = Debug|Any CPU
		{222B6AEA-BB1D-40ED-89F7-5BF5CC217EDC}.AppStore|ARM.Build.0 = Debug|Any CPU
		{222B6AEA-BB1D-40ED-89F7-5BF5CC217EDC}.AppStore|ARM64.ActiveCfg = Debug|Any CPU
		{222B6AEA-BB1D-40ED-89F7-5BF5CC217EDC}.AppStore|ARM64.Build.0 = Debug|Any CPU
		{222B6AEA-BB1D-40ED-89F7-5BF5CC217EDC}.AppStore|iPhone.ActiveCfg = Debug|Any CPU
		{222B6AEA-BB1D-40ED-89F7-5BF5CC217EDC}.AppStore|iPhone.Build.0 = Debug|Any CPU
		{222B6AEA-BB1D-40ED-89F7-5BF5CC217EDC}.AppStore|iPhoneSimulator.ActiveCfg = Debug|Any CPU
		{222B6AEA-BB1D-40ED-89F7-5BF5CC217EDC}.AppStore|iPhoneSimulator.Build.0 = Debug|Any CPU
		{222B6AEA-BB1D-40ED-89F7-5BF5CC217EDC}.AppStore|x64.ActiveCfg = Debug|Any CPU
		{222B6AEA-BB1D-40ED-89F7-5BF5CC217EDC}.AppStore|x64.Build.0 = Debug|Any CPU
		{222B6AEA-BB1D-40ED-89F7-5BF5CC217EDC}.AppStore|x86.ActiveCfg = Debug|Any CPU
		{222B6AEA-BB1D-40ED-89F7-5BF5CC217EDC}.AppStore|x86.Build.0 = Debug|Any CPU
		{222B6AEA-BB1D-40ED-89F7-5BF5CC217EDC}.Debug|Any CPU.ActiveCfg = Debug|Any CPU
		{222B6AEA-BB1D-40ED-89F7-5BF5CC217EDC}.Debug|Any CPU.Build.0 = Debug|Any CPU
		{222B6AEA-BB1D-40ED-89F7-5BF5CC217EDC}.Debug|ARM.ActiveCfg = Debug|Any CPU
		{222B6AEA-BB1D-40ED-89F7-5BF5CC217EDC}.Debug|ARM.Build.0 = Debug|Any CPU
		{222B6AEA-BB1D-40ED-89F7-5BF5CC217EDC}.Debug|ARM64.ActiveCfg = Debug|Any CPU
		{222B6AEA-BB1D-40ED-89F7-5BF5CC217EDC}.Debug|ARM64.Build.0 = Debug|Any CPU
		{222B6AEA-BB1D-40ED-89F7-5BF5CC217EDC}.Debug|iPhone.ActiveCfg = Debug|Any CPU
		{222B6AEA-BB1D-40ED-89F7-5BF5CC217EDC}.Debug|iPhone.Build.0 = Debug|Any CPU
		{222B6AEA-BB1D-40ED-89F7-5BF5CC217EDC}.Debug|iPhoneSimulator.ActiveCfg = Debug|Any CPU
		{222B6AEA-BB1D-40ED-89F7-5BF5CC217EDC}.Debug|iPhoneSimulator.Build.0 = Debug|Any CPU
		{222B6AEA-BB1D-40ED-89F7-5BF5CC217EDC}.Debug|x64.ActiveCfg = Debug|Any CPU
		{222B6AEA-BB1D-40ED-89F7-5BF5CC217EDC}.Debug|x64.Build.0 = Debug|Any CPU
		{222B6AEA-BB1D-40ED-89F7-5BF5CC217EDC}.Debug|x86.ActiveCfg = Debug|Any CPU
		{222B6AEA-BB1D-40ED-89F7-5BF5CC217EDC}.Debug|x86.Build.0 = Debug|Any CPU
		{222B6AEA-BB1D-40ED-89F7-5BF5CC217EDC}.Release|Any CPU.ActiveCfg = Release|Any CPU
		{222B6AEA-BB1D-40ED-89F7-5BF5CC217EDC}.Release|Any CPU.Build.0 = Release|Any CPU
		{222B6AEA-BB1D-40ED-89F7-5BF5CC217EDC}.Release|ARM.ActiveCfg = Release|Any CPU
		{222B6AEA-BB1D-40ED-89F7-5BF5CC217EDC}.Release|ARM.Build.0 = Release|Any CPU
		{222B6AEA-BB1D-40ED-89F7-5BF5CC217EDC}.Release|ARM64.ActiveCfg = Release|Any CPU
		{222B6AEA-BB1D-40ED-89F7-5BF5CC217EDC}.Release|ARM64.Build.0 = Release|Any CPU
		{222B6AEA-BB1D-40ED-89F7-5BF5CC217EDC}.Release|iPhone.ActiveCfg = Release|Any CPU
		{222B6AEA-BB1D-40ED-89F7-5BF5CC217EDC}.Release|iPhone.Build.0 = Release|Any CPU
		{222B6AEA-BB1D-40ED-89F7-5BF5CC217EDC}.Release|iPhoneSimulator.ActiveCfg = Release|Any CPU
		{222B6AEA-BB1D-40ED-89F7-5BF5CC217EDC}.Release|iPhoneSimulator.Build.0 = Release|Any CPU
		{222B6AEA-BB1D-40ED-89F7-5BF5CC217EDC}.Release|x64.ActiveCfg = Release|Any CPU
		{222B6AEA-BB1D-40ED-89F7-5BF5CC217EDC}.Release|x64.Build.0 = Release|Any CPU
		{222B6AEA-BB1D-40ED-89F7-5BF5CC217EDC}.Release|x86.ActiveCfg = Release|Any CPU
		{222B6AEA-BB1D-40ED-89F7-5BF5CC217EDC}.Release|x86.Build.0 = Release|Any CPU
		{621129BF-1F98-4147-9B1E-5A0F52739663}.Ad-Hoc|Any CPU.ActiveCfg = Debug|Any CPU
		{621129BF-1F98-4147-9B1E-5A0F52739663}.Ad-Hoc|Any CPU.Build.0 = Debug|Any CPU
		{621129BF-1F98-4147-9B1E-5A0F52739663}.Ad-Hoc|ARM.ActiveCfg = Debug|Any CPU
		{621129BF-1F98-4147-9B1E-5A0F52739663}.Ad-Hoc|ARM.Build.0 = Debug|Any CPU
		{621129BF-1F98-4147-9B1E-5A0F52739663}.Ad-Hoc|ARM64.ActiveCfg = Debug|Any CPU
		{621129BF-1F98-4147-9B1E-5A0F52739663}.Ad-Hoc|ARM64.Build.0 = Debug|Any CPU
		{621129BF-1F98-4147-9B1E-5A0F52739663}.Ad-Hoc|iPhone.ActiveCfg = Debug|Any CPU
		{621129BF-1F98-4147-9B1E-5A0F52739663}.Ad-Hoc|iPhone.Build.0 = Debug|Any CPU
		{621129BF-1F98-4147-9B1E-5A0F52739663}.Ad-Hoc|iPhoneSimulator.ActiveCfg = Debug|Any CPU
		{621129BF-1F98-4147-9B1E-5A0F52739663}.Ad-Hoc|iPhoneSimulator.Build.0 = Debug|Any CPU
		{621129BF-1F98-4147-9B1E-5A0F52739663}.Ad-Hoc|x64.ActiveCfg = Debug|Any CPU
		{621129BF-1F98-4147-9B1E-5A0F52739663}.Ad-Hoc|x64.Build.0 = Debug|Any CPU
		{621129BF-1F98-4147-9B1E-5A0F52739663}.Ad-Hoc|x86.ActiveCfg = Debug|Any CPU
		{621129BF-1F98-4147-9B1E-5A0F52739663}.Ad-Hoc|x86.Build.0 = Debug|Any CPU
		{621129BF-1F98-4147-9B1E-5A0F52739663}.AppStore|Any CPU.ActiveCfg = Debug|Any CPU
		{621129BF-1F98-4147-9B1E-5A0F52739663}.AppStore|Any CPU.Build.0 = Debug|Any CPU
		{621129BF-1F98-4147-9B1E-5A0F52739663}.AppStore|ARM.ActiveCfg = Debug|Any CPU
		{621129BF-1F98-4147-9B1E-5A0F52739663}.AppStore|ARM.Build.0 = Debug|Any CPU
		{621129BF-1F98-4147-9B1E-5A0F52739663}.AppStore|ARM64.ActiveCfg = Debug|Any CPU
		{621129BF-1F98-4147-9B1E-5A0F52739663}.AppStore|ARM64.Build.0 = Debug|Any CPU
		{621129BF-1F98-4147-9B1E-5A0F52739663}.AppStore|iPhone.ActiveCfg = Debug|Any CPU
		{621129BF-1F98-4147-9B1E-5A0F52739663}.AppStore|iPhone.Build.0 = Debug|Any CPU
		{621129BF-1F98-4147-9B1E-5A0F52739663}.AppStore|iPhoneSimulator.ActiveCfg = Debug|Any CPU
		{621129BF-1F98-4147-9B1E-5A0F52739663}.AppStore|iPhoneSimulator.Build.0 = Debug|Any CPU
		{621129BF-1F98-4147-9B1E-5A0F52739663}.AppStore|x64.ActiveCfg = Debug|Any CPU
		{621129BF-1F98-4147-9B1E-5A0F52739663}.AppStore|x64.Build.0 = Debug|Any CPU
		{621129BF-1F98-4147-9B1E-5A0F52739663}.AppStore|x86.ActiveCfg = Debug|Any CPU
		{621129BF-1F98-4147-9B1E-5A0F52739663}.AppStore|x86.Build.0 = Debug|Any CPU
		{621129BF-1F98-4147-9B1E-5A0F52739663}.Debug|Any CPU.ActiveCfg = Debug|Any CPU
		{621129BF-1F98-4147-9B1E-5A0F52739663}.Debug|Any CPU.Build.0 = Debug|Any CPU
		{621129BF-1F98-4147-9B1E-5A0F52739663}.Debug|ARM.ActiveCfg = Debug|Any CPU
		{621129BF-1F98-4147-9B1E-5A0F52739663}.Debug|ARM.Build.0 = Debug|Any CPU
		{621129BF-1F98-4147-9B1E-5A0F52739663}.Debug|ARM64.ActiveCfg = Debug|Any CPU
		{621129BF-1F98-4147-9B1E-5A0F52739663}.Debug|ARM64.Build.0 = Debug|Any CPU
		{621129BF-1F98-4147-9B1E-5A0F52739663}.Debug|iPhone.ActiveCfg = Debug|Any CPU
		{621129BF-1F98-4147-9B1E-5A0F52739663}.Debug|iPhone.Build.0 = Debug|Any CPU
		{621129BF-1F98-4147-9B1E-5A0F52739663}.Debug|iPhoneSimulator.ActiveCfg = Debug|Any CPU
		{621129BF-1F98-4147-9B1E-5A0F52739663}.Debug|iPhoneSimulator.Build.0 = Debug|Any CPU
		{621129BF-1F98-4147-9B1E-5A0F52739663}.Debug|x64.ActiveCfg = Debug|Any CPU
		{621129BF-1F98-4147-9B1E-5A0F52739663}.Debug|x64.Build.0 = Debug|Any CPU
		{621129BF-1F98-4147-9B1E-5A0F52739663}.Debug|x86.ActiveCfg = Debug|Any CPU
		{621129BF-1F98-4147-9B1E-5A0F52739663}.Debug|x86.Build.0 = Debug|Any CPU
		{621129BF-1F98-4147-9B1E-5A0F52739663}.Release|Any CPU.ActiveCfg = Release|Any CPU
		{621129BF-1F98-4147-9B1E-5A0F52739663}.Release|Any CPU.Build.0 = Release|Any CPU
		{621129BF-1F98-4147-9B1E-5A0F52739663}.Release|ARM.ActiveCfg = Release|Any CPU
		{621129BF-1F98-4147-9B1E-5A0F52739663}.Release|ARM.Build.0 = Release|Any CPU
		{621129BF-1F98-4147-9B1E-5A0F52739663}.Release|ARM64.ActiveCfg = Release|Any CPU
		{621129BF-1F98-4147-9B1E-5A0F52739663}.Release|ARM64.Build.0 = Release|Any CPU
		{621129BF-1F98-4147-9B1E-5A0F52739663}.Release|iPhone.ActiveCfg = Release|Any CPU
		{621129BF-1F98-4147-9B1E-5A0F52739663}.Release|iPhone.Build.0 = Release|Any CPU
		{621129BF-1F98-4147-9B1E-5A0F52739663}.Release|iPhoneSimulator.ActiveCfg = Release|Any CPU
		{621129BF-1F98-4147-9B1E-5A0F52739663}.Release|iPhoneSimulator.Build.0 = Release|Any CPU
		{621129BF-1F98-4147-9B1E-5A0F52739663}.Release|x64.ActiveCfg = Release|Any CPU
		{621129BF-1F98-4147-9B1E-5A0F52739663}.Release|x64.Build.0 = Release|Any CPU
		{621129BF-1F98-4147-9B1E-5A0F52739663}.Release|x86.ActiveCfg = Release|Any CPU
		{621129BF-1F98-4147-9B1E-5A0F52739663}.Release|x86.Build.0 = Release|Any CPU
		{F7246802-B430-45B1-9106-F080CC1561ED}.Ad-Hoc|Any CPU.ActiveCfg = Debug|Any CPU
		{F7246802-B430-45B1-9106-F080CC1561ED}.Ad-Hoc|Any CPU.Build.0 = Debug|Any CPU
		{F7246802-B430-45B1-9106-F080CC1561ED}.Ad-Hoc|ARM.ActiveCfg = Debug|Any CPU
		{F7246802-B430-45B1-9106-F080CC1561ED}.Ad-Hoc|ARM.Build.0 = Debug|Any CPU
		{F7246802-B430-45B1-9106-F080CC1561ED}.Ad-Hoc|ARM64.ActiveCfg = Debug|Any CPU
		{F7246802-B430-45B1-9106-F080CC1561ED}.Ad-Hoc|ARM64.Build.0 = Debug|Any CPU
		{F7246802-B430-45B1-9106-F080CC1561ED}.Ad-Hoc|iPhone.ActiveCfg = Debug|Any CPU
		{F7246802-B430-45B1-9106-F080CC1561ED}.Ad-Hoc|iPhone.Build.0 = Debug|Any CPU
		{F7246802-B430-45B1-9106-F080CC1561ED}.Ad-Hoc|iPhoneSimulator.ActiveCfg = Debug|Any CPU
		{F7246802-B430-45B1-9106-F080CC1561ED}.Ad-Hoc|iPhoneSimulator.Build.0 = Debug|Any CPU
		{F7246802-B430-45B1-9106-F080CC1561ED}.Ad-Hoc|x64.ActiveCfg = Debug|Any CPU
		{F7246802-B430-45B1-9106-F080CC1561ED}.Ad-Hoc|x64.Build.0 = Debug|Any CPU
		{F7246802-B430-45B1-9106-F080CC1561ED}.Ad-Hoc|x86.ActiveCfg = Debug|Any CPU
		{F7246802-B430-45B1-9106-F080CC1561ED}.Ad-Hoc|x86.Build.0 = Debug|Any CPU
		{F7246802-B430-45B1-9106-F080CC1561ED}.AppStore|Any CPU.ActiveCfg = Debug|Any CPU
		{F7246802-B430-45B1-9106-F080CC1561ED}.AppStore|Any CPU.Build.0 = Debug|Any CPU
		{F7246802-B430-45B1-9106-F080CC1561ED}.AppStore|ARM.ActiveCfg = Debug|Any CPU
		{F7246802-B430-45B1-9106-F080CC1561ED}.AppStore|ARM.Build.0 = Debug|Any CPU
		{F7246802-B430-45B1-9106-F080CC1561ED}.AppStore|ARM64.ActiveCfg = Debug|Any CPU
		{F7246802-B430-45B1-9106-F080CC1561ED}.AppStore|ARM64.Build.0 = Debug|Any CPU
		{F7246802-B430-45B1-9106-F080CC1561ED}.AppStore|iPhone.ActiveCfg = Debug|Any CPU
		{F7246802-B430-45B1-9106-F080CC1561ED}.AppStore|iPhone.Build.0 = Debug|Any CPU
		{F7246802-B430-45B1-9106-F080CC1561ED}.AppStore|iPhoneSimulator.ActiveCfg = Debug|Any CPU
		{F7246802-B430-45B1-9106-F080CC1561ED}.AppStore|iPhoneSimulator.Build.0 = Debug|Any CPU
		{F7246802-B430-45B1-9106-F080CC1561ED}.AppStore|x64.ActiveCfg = Debug|Any CPU
		{F7246802-B430-45B1-9106-F080CC1561ED}.AppStore|x64.Build.0 = Debug|Any CPU
		{F7246802-B430-45B1-9106-F080CC1561ED}.AppStore|x86.ActiveCfg = Debug|Any CPU
		{F7246802-B430-45B1-9106-F080CC1561ED}.AppStore|x86.Build.0 = Debug|Any CPU
		{F7246802-B430-45B1-9106-F080CC1561ED}.Debug|Any CPU.ActiveCfg = Debug|Any CPU
		{F7246802-B430-45B1-9106-F080CC1561ED}.Debug|Any CPU.Build.0 = Debug|Any CPU
		{F7246802-B430-45B1-9106-F080CC1561ED}.Debug|ARM.ActiveCfg = Debug|Any CPU
		{F7246802-B430-45B1-9106-F080CC1561ED}.Debug|ARM.Build.0 = Debug|Any CPU
		{F7246802-B430-45B1-9106-F080CC1561ED}.Debug|ARM64.ActiveCfg = Debug|Any CPU
		{F7246802-B430-45B1-9106-F080CC1561ED}.Debug|ARM64.Build.0 = Debug|Any CPU
		{F7246802-B430-45B1-9106-F080CC1561ED}.Debug|iPhone.ActiveCfg = Debug|Any CPU
		{F7246802-B430-45B1-9106-F080CC1561ED}.Debug|iPhone.Build.0 = Debug|Any CPU
		{F7246802-B430-45B1-9106-F080CC1561ED}.Debug|iPhoneSimulator.ActiveCfg = Debug|Any CPU
		{F7246802-B430-45B1-9106-F080CC1561ED}.Debug|iPhoneSimulator.Build.0 = Debug|Any CPU
		{F7246802-B430-45B1-9106-F080CC1561ED}.Debug|x64.ActiveCfg = Debug|Any CPU
		{F7246802-B430-45B1-9106-F080CC1561ED}.Debug|x64.Build.0 = Debug|Any CPU
		{F7246802-B430-45B1-9106-F080CC1561ED}.Debug|x86.ActiveCfg = Debug|Any CPU
		{F7246802-B430-45B1-9106-F080CC1561ED}.Debug|x86.Build.0 = Debug|Any CPU
		{F7246802-B430-45B1-9106-F080CC1561ED}.Release|Any CPU.ActiveCfg = Release|Any CPU
		{F7246802-B430-45B1-9106-F080CC1561ED}.Release|Any CPU.Build.0 = Release|Any CPU
		{F7246802-B430-45B1-9106-F080CC1561ED}.Release|ARM.ActiveCfg = Release|Any CPU
		{F7246802-B430-45B1-9106-F080CC1561ED}.Release|ARM.Build.0 = Release|Any CPU
		{F7246802-B430-45B1-9106-F080CC1561ED}.Release|ARM64.ActiveCfg = Release|Any CPU
		{F7246802-B430-45B1-9106-F080CC1561ED}.Release|ARM64.Build.0 = Release|Any CPU
		{F7246802-B430-45B1-9106-F080CC1561ED}.Release|iPhone.ActiveCfg = Release|Any CPU
		{F7246802-B430-45B1-9106-F080CC1561ED}.Release|iPhone.Build.0 = Release|Any CPU
		{F7246802-B430-45B1-9106-F080CC1561ED}.Release|iPhoneSimulator.ActiveCfg = Release|Any CPU
		{F7246802-B430-45B1-9106-F080CC1561ED}.Release|iPhoneSimulator.Build.0 = Release|Any CPU
		{F7246802-B430-45B1-9106-F080CC1561ED}.Release|x64.ActiveCfg = Release|Any CPU
		{F7246802-B430-45B1-9106-F080CC1561ED}.Release|x64.Build.0 = Release|Any CPU
		{F7246802-B430-45B1-9106-F080CC1561ED}.Release|x86.ActiveCfg = Release|Any CPU
		{F7246802-B430-45B1-9106-F080CC1561ED}.Release|x86.Build.0 = Release|Any CPU
		{AA27C3B4-4FDE-4E23-8CA3-6377AB27AC7F}.Ad-Hoc|Any CPU.ActiveCfg = Debug|Any CPU
		{AA27C3B4-4FDE-4E23-8CA3-6377AB27AC7F}.Ad-Hoc|Any CPU.Build.0 = Debug|Any CPU
		{AA27C3B4-4FDE-4E23-8CA3-6377AB27AC7F}.Ad-Hoc|ARM.ActiveCfg = Debug|Any CPU
		{AA27C3B4-4FDE-4E23-8CA3-6377AB27AC7F}.Ad-Hoc|ARM.Build.0 = Debug|Any CPU
		{AA27C3B4-4FDE-4E23-8CA3-6377AB27AC7F}.Ad-Hoc|ARM64.ActiveCfg = Debug|Any CPU
		{AA27C3B4-4FDE-4E23-8CA3-6377AB27AC7F}.Ad-Hoc|ARM64.Build.0 = Debug|Any CPU
		{AA27C3B4-4FDE-4E23-8CA3-6377AB27AC7F}.Ad-Hoc|iPhone.ActiveCfg = Debug|Any CPU
		{AA27C3B4-4FDE-4E23-8CA3-6377AB27AC7F}.Ad-Hoc|iPhone.Build.0 = Debug|Any CPU
		{AA27C3B4-4FDE-4E23-8CA3-6377AB27AC7F}.Ad-Hoc|iPhoneSimulator.ActiveCfg = Debug|Any CPU
		{AA27C3B4-4FDE-4E23-8CA3-6377AB27AC7F}.Ad-Hoc|iPhoneSimulator.Build.0 = Debug|Any CPU
		{AA27C3B4-4FDE-4E23-8CA3-6377AB27AC7F}.Ad-Hoc|x64.ActiveCfg = Debug|Any CPU
		{AA27C3B4-4FDE-4E23-8CA3-6377AB27AC7F}.Ad-Hoc|x64.Build.0 = Debug|Any CPU
		{AA27C3B4-4FDE-4E23-8CA3-6377AB27AC7F}.Ad-Hoc|x86.ActiveCfg = Debug|Any CPU
		{AA27C3B4-4FDE-4E23-8CA3-6377AB27AC7F}.Ad-Hoc|x86.Build.0 = Debug|Any CPU
		{AA27C3B4-4FDE-4E23-8CA3-6377AB27AC7F}.AppStore|Any CPU.ActiveCfg = Debug|Any CPU
		{AA27C3B4-4FDE-4E23-8CA3-6377AB27AC7F}.AppStore|Any CPU.Build.0 = Debug|Any CPU
		{AA27C3B4-4FDE-4E23-8CA3-6377AB27AC7F}.AppStore|ARM.ActiveCfg = Debug|Any CPU
		{AA27C3B4-4FDE-4E23-8CA3-6377AB27AC7F}.AppStore|ARM.Build.0 = Debug|Any CPU
		{AA27C3B4-4FDE-4E23-8CA3-6377AB27AC7F}.AppStore|ARM64.ActiveCfg = Debug|Any CPU
		{AA27C3B4-4FDE-4E23-8CA3-6377AB27AC7F}.AppStore|ARM64.Build.0 = Debug|Any CPU
		{AA27C3B4-4FDE-4E23-8CA3-6377AB27AC7F}.AppStore|iPhone.ActiveCfg = Debug|Any CPU
		{AA27C3B4-4FDE-4E23-8CA3-6377AB27AC7F}.AppStore|iPhone.Build.0 = Debug|Any CPU
		{AA27C3B4-4FDE-4E23-8CA3-6377AB27AC7F}.AppStore|iPhoneSimulator.ActiveCfg = Debug|Any CPU
		{AA27C3B4-4FDE-4E23-8CA3-6377AB27AC7F}.AppStore|iPhoneSimulator.Build.0 = Debug|Any CPU
		{AA27C3B4-4FDE-4E23-8CA3-6377AB27AC7F}.AppStore|x64.ActiveCfg = Debug|Any CPU
		{AA27C3B4-4FDE-4E23-8CA3-6377AB27AC7F}.AppStore|x64.Build.0 = Debug|Any CPU
		{AA27C3B4-4FDE-4E23-8CA3-6377AB27AC7F}.AppStore|x86.ActiveCfg = Debug|Any CPU
		{AA27C3B4-4FDE-4E23-8CA3-6377AB27AC7F}.AppStore|x86.Build.0 = Debug|Any CPU
		{AA27C3B4-4FDE-4E23-8CA3-6377AB27AC7F}.Debug|Any CPU.ActiveCfg = Debug|Any CPU
		{AA27C3B4-4FDE-4E23-8CA3-6377AB27AC7F}.Debug|Any CPU.Build.0 = Debug|Any CPU
		{AA27C3B4-4FDE-4E23-8CA3-6377AB27AC7F}.Debug|ARM.ActiveCfg = Debug|Any CPU
		{AA27C3B4-4FDE-4E23-8CA3-6377AB27AC7F}.Debug|ARM.Build.0 = Debug|Any CPU
		{AA27C3B4-4FDE-4E23-8CA3-6377AB27AC7F}.Debug|ARM64.ActiveCfg = Debug|Any CPU
		{AA27C3B4-4FDE-4E23-8CA3-6377AB27AC7F}.Debug|ARM64.Build.0 = Debug|Any CPU
		{AA27C3B4-4FDE-4E23-8CA3-6377AB27AC7F}.Debug|iPhone.ActiveCfg = Debug|Any CPU
		{AA27C3B4-4FDE-4E23-8CA3-6377AB27AC7F}.Debug|iPhone.Build.0 = Debug|Any CPU
		{AA27C3B4-4FDE-4E23-8CA3-6377AB27AC7F}.Debug|iPhoneSimulator.ActiveCfg = Debug|Any CPU
		{AA27C3B4-4FDE-4E23-8CA3-6377AB27AC7F}.Debug|iPhoneSimulator.Build.0 = Debug|Any CPU
		{AA27C3B4-4FDE-4E23-8CA3-6377AB27AC7F}.Debug|x64.ActiveCfg = Debug|Any CPU
		{AA27C3B4-4FDE-4E23-8CA3-6377AB27AC7F}.Debug|x64.Build.0 = Debug|Any CPU
		{AA27C3B4-4FDE-4E23-8CA3-6377AB27AC7F}.Debug|x86.ActiveCfg = Debug|Any CPU
		{AA27C3B4-4FDE-4E23-8CA3-6377AB27AC7F}.Debug|x86.Build.0 = Debug|Any CPU
		{AA27C3B4-4FDE-4E23-8CA3-6377AB27AC7F}.Release|Any CPU.ActiveCfg = Release|Any CPU
		{AA27C3B4-4FDE-4E23-8CA3-6377AB27AC7F}.Release|Any CPU.Build.0 = Release|Any CPU
		{AA27C3B4-4FDE-4E23-8CA3-6377AB27AC7F}.Release|ARM.ActiveCfg = Release|Any CPU
		{AA27C3B4-4FDE-4E23-8CA3-6377AB27AC7F}.Release|ARM.Build.0 = Release|Any CPU
		{AA27C3B4-4FDE-4E23-8CA3-6377AB27AC7F}.Release|ARM64.ActiveCfg = Release|Any CPU
		{AA27C3B4-4FDE-4E23-8CA3-6377AB27AC7F}.Release|ARM64.Build.0 = Release|Any CPU
		{AA27C3B4-4FDE-4E23-8CA3-6377AB27AC7F}.Release|iPhone.ActiveCfg = Release|Any CPU
		{AA27C3B4-4FDE-4E23-8CA3-6377AB27AC7F}.Release|iPhone.Build.0 = Release|Any CPU
		{AA27C3B4-4FDE-4E23-8CA3-6377AB27AC7F}.Release|iPhoneSimulator.ActiveCfg = Release|Any CPU
		{AA27C3B4-4FDE-4E23-8CA3-6377AB27AC7F}.Release|iPhoneSimulator.Build.0 = Release|Any CPU
		{AA27C3B4-4FDE-4E23-8CA3-6377AB27AC7F}.Release|x64.ActiveCfg = Release|Any CPU
		{AA27C3B4-4FDE-4E23-8CA3-6377AB27AC7F}.Release|x64.Build.0 = Release|Any CPU
		{AA27C3B4-4FDE-4E23-8CA3-6377AB27AC7F}.Release|x86.ActiveCfg = Release|Any CPU
		{AA27C3B4-4FDE-4E23-8CA3-6377AB27AC7F}.Release|x86.Build.0 = Release|Any CPU
	EndGlobalSection
	GlobalSection(SolutionProperties) = preSolution
		HideSolutionNode = FALSE
	EndGlobalSection
	GlobalSection(NestedProjects) = preSolution
		{58F3361D-BAE6-4079-ABDE-68E31CD3ED5E} = {1D94DC78-C560-4151-833F-68434CF1395D}
		{456D10F4-20EF-421B-B522-A86113B316A1} = {1D94DC78-C560-4151-833F-68434CF1395D}
		{2D9C71C5-52E8-4D37-B305-126E7D9D8246} = {1D94DC78-C560-4151-833F-68434CF1395D}
		{AE70D93F-E2E3-4EBE-83A7-E4AC36E37231} = {1D94DC78-C560-4151-833F-68434CF1395D}
		{C3B30DBA-A0F1-453F-9227-EA0E904479CE} = {1D94DC78-C560-4151-833F-68434CF1395D}
		{222B6AEA-BB1D-40ED-89F7-5BF5CC217EDC} = {1D94DC78-C560-4151-833F-68434CF1395D}
		{621129BF-1F98-4147-9B1E-5A0F52739663} = {1D94DC78-C560-4151-833F-68434CF1395D}
		{F7246802-B430-45B1-9106-F080CC1561ED} = {1D94DC78-C560-4151-833F-68434CF1395D}
		{AA27C3B4-4FDE-4E23-8CA3-6377AB27AC7F} = {1D94DC78-C560-4151-833F-68434CF1395D}
	EndGlobalSection
	GlobalSection(ExtensibilityGlobals) = postSolution
		SolutionGuid = {62CA5302-0DCD-4E52-AFBA-EAC715E37A6E}
	EndGlobalSection
EndGlobal
